{
  "version": 4,
  "terraform_version": "1.5.7",
  "serial": 17,
  "lineage": "710d309c-24df-c236-301d-b0b61a1b15f8",
  "outputs": {},
  "resources": [
    {
      "module": "module.backend-service",
      "mode": "managed",
      "type": "google_project_iam_member",
      "name": "roles",
      "provider": "provider[\"registry.terraform.io/hashicorp/google\"]",
      "instances": [
        {
          "index_key": "roles/aiplatform.user",
          "schema_version": 0,
          "attributes": {
            "condition": [],
            "etag": "BwY8+UH3/+Y=",
            "id": "ai-agent-workshop-469817/roles/aiplatform.user/serviceAccount:genai-backend-us-central1-sa@ai-agent-workshop-469817.iam.gserviceaccount.com",
            "member": "serviceAccount:genai-backend-us-central1-sa@ai-agent-workshop-469817.iam.gserviceaccount.com",
            "project": "ai-agent-workshop-469817",
            "role": "roles/aiplatform.user"
          },
          "sensitive_attributes": [],
          "private": "bnVsbA==",
          "dependencies": [
            "module.backend-service.google_service_account.sa",
            "module.project-services-billing-project.data.google_compute_default_service_account.default",
            "module.project-services-billing-project.google_project_iam_member.project_service_identity_roles",
            "module.project-services-billing-project.google_project_service.project_services",
            "module.project-services-billing-project.google_project_service_identity.project_service_identities",
            "module.project-services.data.google_compute_default_service_account.default",
            "module.project-services.google_project_iam_member.project_service_identity_roles",
            "module.project-services.google_project_service.project_services",
            "module.project-services.google_project_service_identity.project_service_identities"
          ]
        },
        {
          "index_key": "roles/monitoring.metricWriter",
          "schema_version": 0,
          "attributes": {
            "condition": [],
            "etag": "BwY8+UH3/+Y=",
            "id": "ai-agent-workshop-469817/roles/monitoring.metricWriter/serviceAccount:genai-backend-us-central1-sa@ai-agent-workshop-469817.iam.gserviceaccount.com",
            "member": "serviceAccount:genai-backend-us-central1-sa@ai-agent-workshop-469817.iam.gserviceaccount.com",
            "project": "ai-agent-workshop-469817",
            "role": "roles/monitoring.metricWriter"
          },
          "sensitive_attributes": [],
          "private": "bnVsbA==",
          "dependencies": [
            "module.backend-service.google_service_account.sa",
            "module.project-services-billing-project.data.google_compute_default_service_account.default",
            "module.project-services-billing-project.google_project_iam_member.project_service_identity_roles",
            "module.project-services-billing-project.google_project_service.project_services",
            "module.project-services-billing-project.google_project_service_identity.project_service_identities",
            "module.project-services.data.google_compute_default_service_account.default",
            "module.project-services.google_project_iam_member.project_service_identity_roles",
            "module.project-services.google_project_service.project_services",
            "module.project-services.google_project_service_identity.project_service_identities"
          ]
        },
        {
          "index_key": "roles/secretmanager.secretAccessor",
          "schema_version": 0,
          "attributes": {
            "condition": [],
            "etag": "BwY8+UH3/+Y=",
            "id": "ai-agent-workshop-469817/roles/secretmanager.secretAccessor/serviceAccount:genai-backend-us-central1-sa@ai-agent-workshop-469817.iam.gserviceaccount.com",
            "member": "serviceAccount:genai-backend-us-central1-sa@ai-agent-workshop-469817.iam.gserviceaccount.com",
            "project": "ai-agent-workshop-469817",
            "role": "roles/secretmanager.secretAccessor"
          },
          "sensitive_attributes": [],
          "private": "bnVsbA==",
          "dependencies": [
            "module.backend-service.google_service_account.sa",
            "module.project-services-billing-project.data.google_compute_default_service_account.default",
            "module.project-services-billing-project.google_project_iam_member.project_service_identity_roles",
            "module.project-services-billing-project.google_project_service.project_services",
            "module.project-services-billing-project.google_project_service_identity.project_service_identities",
            "module.project-services.data.google_compute_default_service_account.default",
            "module.project-services.google_project_iam_member.project_service_identity_roles",
            "module.project-services.google_project_service.project_services",
            "module.project-services.google_project_service_identity.project_service_identities"
          ]
        }
      ]
    },
    {
      "module": "module.backend-service",
      "mode": "managed",
      "type": "google_service_account",
      "name": "sa",
      "provider": "provider[\"registry.terraform.io/hashicorp/google\"]",
      "instances": [
        {
          "index_key": 0,
          "schema_version": 0,
          "attributes": {
            "account_id": "genai-backend-us-central1-sa",
            "create_ignore_already_exists": null,
            "description": "",
            "disabled": false,
            "display_name": "Service account for genai-backend in us-central1",
            "email": "genai-backend-us-central1-sa@ai-agent-workshop-469817.iam.gserviceaccount.com",
            "id": "projects/ai-agent-workshop-469817/serviceAccounts/genai-backend-us-central1-sa@ai-agent-workshop-469817.iam.gserviceaccount.com",
            "member": "serviceAccount:genai-backend-us-central1-sa@ai-agent-workshop-469817.iam.gserviceaccount.com",
            "name": "projects/ai-agent-workshop-469817/serviceAccounts/genai-backend-us-central1-sa@ai-agent-workshop-469817.iam.gserviceaccount.com",
            "project": "ai-agent-workshop-469817",
            "timeouts": null,
            "unique_id": "105719143350333434903"
          },
          "sensitive_attributes": [],
          "private": "eyJlMmJmYjczMC1lY2FhLTExZTYtOGY4OC0zNDM2M2JjN2M0YzAiOnsiY3JlYXRlIjozMDAwMDAwMDAwMDB9fQ==",
          "dependencies": [
            "module.project-services-billing-project.data.google_compute_default_service_account.default",
            "module.project-services-billing-project.google_project_iam_member.project_service_identity_roles",
            "module.project-services-billing-project.google_project_service.project_services",
            "module.project-services-billing-project.google_project_service_identity.project_service_identities",
            "module.project-services.data.google_compute_default_service_account.default",
            "module.project-services.google_project_iam_member.project_service_identity_roles",
            "module.project-services.google_project_service.project_services",
            "module.project-services.google_project_service_identity.project_service_identities"
          ]
        }
      ]
    },
    {
      "module": "module.frontend-service",
      "mode": "managed",
      "type": "google_cloud_run_v2_service",
      "name": "main",
      "provider": "provider[\"registry.terraform.io/hashicorp/google-beta\"]",
      "instances": []
    },
    {
      "module": "module.frontend-service",
      "mode": "managed",
      "type": "google_project_iam_member",
      "name": "roles",
      "provider": "provider[\"registry.terraform.io/hashicorp/google\"]",
      "instances": [
        {
          "index_key": "roles/monitoring.metricWriter",
          "schema_version": 0,
          "attributes": {
            "condition": [],
            "etag": "BwY8+UH3/+Y=",
            "id": "ai-agent-workshop-469817/roles/monitoring.metricWriter/serviceAccount:genai-frontend-us-central1-sa@ai-agent-workshop-469817.iam.gserviceaccount.com",
            "member": "serviceAccount:genai-frontend-us-central1-sa@ai-agent-workshop-469817.iam.gserviceaccount.com",
            "project": "ai-agent-workshop-469817",
            "role": "roles/monitoring.metricWriter"
          },
          "sensitive_attributes": [],
          "private": "bnVsbA==",
          "dependencies": [
            "module.frontend-service.google_service_account.sa",
            "module.project-services-billing-project.data.google_compute_default_service_account.default",
            "module.project-services-billing-project.google_project_iam_member.project_service_identity_roles",
            "module.project-services-billing-project.google_project_service.project_services",
            "module.project-services-billing-project.google_project_service_identity.project_service_identities",
            "module.project-services.data.google_compute_default_service_account.default",
            "module.project-services.google_project_iam_member.project_service_identity_roles",
            "module.project-services.google_project_service.project_services",
            "module.project-services.google_project_service_identity.project_service_identities"
          ]
        },
        {
          "index_key": "roles/run.invoker",
          "schema_version": 0,
          "attributes": {
            "condition": [],
            "etag": "BwY8+UH3/+Y=",
            "id": "ai-agent-workshop-469817/roles/run.invoker/serviceAccount:genai-frontend-us-central1-sa@ai-agent-workshop-469817.iam.gserviceaccount.com",
            "member": "serviceAccount:genai-frontend-us-central1-sa@ai-agent-workshop-469817.iam.gserviceaccount.com",
            "project": "ai-agent-workshop-469817",
            "role": "roles/run.invoker"
          },
          "sensitive_attributes": [],
          "private": "bnVsbA==",
          "dependencies": [
            "module.frontend-service.google_service_account.sa",
            "module.project-services-billing-project.data.google_compute_default_service_account.default",
            "module.project-services-billing-project.google_project_iam_member.project_service_identity_roles",
            "module.project-services-billing-project.google_project_service.project_services",
            "module.project-services-billing-project.google_project_service_identity.project_service_identities",
            "module.project-services.data.google_compute_default_service_account.default",
            "module.project-services.google_project_iam_member.project_service_identity_roles",
            "module.project-services.google_project_service.project_services",
            "module.project-services.google_project_service_identity.project_service_identities"
          ]
        }
      ]
    },
    {
      "module": "module.frontend-service",
      "mode": "managed",
      "type": "google_service_account",
      "name": "sa",
      "provider": "provider[\"registry.terraform.io/hashicorp/google\"]",
      "instances": [
        {
          "index_key": 0,
          "schema_version": 0,
          "attributes": {
            "account_id": "genai-frontend-us-central1-sa",
            "create_ignore_already_exists": null,
            "description": "",
            "disabled": false,
            "display_name": "Service account for genai-frontend in us-central1",
            "email": "genai-frontend-us-central1-sa@ai-agent-workshop-469817.iam.gserviceaccount.com",
            "id": "projects/ai-agent-workshop-469817/serviceAccounts/genai-frontend-us-central1-sa@ai-agent-workshop-469817.iam.gserviceaccount.com",
            "member": "serviceAccount:genai-frontend-us-central1-sa@ai-agent-workshop-469817.iam.gserviceaccount.com",
            "name": "projects/ai-agent-workshop-469817/serviceAccounts/genai-frontend-us-central1-sa@ai-agent-workshop-469817.iam.gserviceaccount.com",
            "project": "ai-agent-workshop-469817",
            "timeouts": null,
            "unique_id": "109704545343410311837"
          },
          "sensitive_attributes": [],
          "private": "eyJlMmJmYjczMC1lY2FhLTExZTYtOGY4OC0zNDM2M2JjN2M0YzAiOnsiY3JlYXRlIjozMDAwMDAwMDAwMDB9fQ==",
          "dependencies": [
            "module.project-services-billing-project.data.google_compute_default_service_account.default",
            "module.project-services-billing-project.google_project_iam_member.project_service_identity_roles",
            "module.project-services-billing-project.google_project_service.project_services",
            "module.project-services-billing-project.google_project_service_identity.project_service_identities",
            "module.project-services.data.google_compute_default_service_account.default",
            "module.project-services.google_project_iam_member.project_service_identity_roles",
            "module.project-services.google_project_service.project_services",
            "module.project-services.google_project_service_identity.project_service_identities"
          ]
        }
      ]
    },
    {
      "module": "module.imagen-vertex-ai",
      "mode": "managed",
      "type": "google_project_service",
      "name": "project_services",
      "provider": "provider[\"registry.terraform.io/hashicorp/google\"]",
      "instances": [
        {
          "index_key": "aiplatform.googleapis.com",
          "schema_version": 0,
          "attributes": {
            "disable_dependent_services": true,
            "disable_on_destroy": true,
            "id": "ai-agent-workshop-469817/aiplatform.googleapis.com",
            "project": "ai-agent-workshop-469817",
            "service": "aiplatform.googleapis.com",
            "timeouts": null
          },
          "sensitive_attributes": [],
          "private": "eyJlMmJmYjczMC1lY2FhLTExZTYtOGY4OC0zNDM2M2JjN2M0YzAiOnsiY3JlYXRlIjoxMjAwMDAwMDAwMDAwLCJkZWxldGUiOjEyMDAwMDAwMDAwMDAsInJlYWQiOjYwMDAwMDAwMDAwMCwidXBkYXRlIjoxMjAwMDAwMDAwMDAwfX0=",
          "dependencies": [
            "module.project-services-billing-project.data.google_compute_default_service_account.default",
            "module.project-services-billing-project.google_project_iam_member.project_service_identity_roles",
            "module.project-services-billing-project.google_project_service.project_services",
            "module.project-services-billing-project.google_project_service_identity.project_service_identities",
            "module.project-services.data.google_compute_default_service_account.default",
            "module.project-services.google_project_iam_member.project_service_identity_roles",
            "module.project-services.google_project_service.project_services",
            "module.project-services.google_project_service_identity.project_service_identities"
          ]
        }
      ]
    },
    {
      "module": "module.project-services",
      "mode": "managed",
      "type": "google_project_service",
      "name": "project_services",
      "provider": "provider[\"registry.terraform.io/hashicorp/google\"]",
      "instances": [
        {
          "index_key": "artifactregistry.googleapis.com",
          "schema_version": 0,
          "attributes": {
            "disable_dependent_services": true,
            "disable_on_destroy": false,
            "id": "ai-agent-workshop-469817/artifactregistry.googleapis.com",
            "project": "ai-agent-workshop-469817",
            "service": "artifactregistry.googleapis.com",
            "timeouts": null
          },
          "sensitive_attributes": [],
          "private": "eyJlMmJmYjczMC1lY2FhLTExZTYtOGY4OC0zNDM2M2JjN2M0YzAiOnsiY3JlYXRlIjoxMjAwMDAwMDAwMDAwLCJkZWxldGUiOjEyMDAwMDAwMDAwMDAsInJlYWQiOjYwMDAwMDAwMDAwMCwidXBkYXRlIjoxMjAwMDAwMDAwMDAwfX0="
        },
        {
          "index_key": "cloudbuild.googleapis.com",
          "schema_version": 0,
          "attributes": {
            "disable_dependent_services": true,
            "disable_on_destroy": false,
            "id": "ai-agent-workshop-469817/cloudbuild.googleapis.com",
            "project": "ai-agent-workshop-469817",
            "service": "cloudbuild.googleapis.com",
            "timeouts": null
          },
          "sensitive_attributes": [],
          "private": "eyJlMmJmYjczMC1lY2FhLTExZTYtOGY4OC0zNDM2M2JjN2M0YzAiOnsiY3JlYXRlIjoxMjAwMDAwMDAwMDAwLCJkZWxldGUiOjEyMDAwMDAwMDAwMDAsInJlYWQiOjYwMDAwMDAwMDAwMCwidXBkYXRlIjoxMjAwMDAwMDAwMDAwfX0="
        },
        {
          "index_key": "run.googleapis.com",
          "schema_version": 0,
          "attributes": {
            "disable_dependent_services": true,
            "disable_on_destroy": false,
            "id": "ai-agent-workshop-469817/run.googleapis.com",
            "project": "ai-agent-workshop-469817",
            "service": "run.googleapis.com",
            "timeouts": null
          },
          "sensitive_attributes": [],
          "private": "eyJlMmJmYjczMC1lY2FhLTExZTYtOGY4OC0zNDM2M2JjN2M0YzAiOnsiY3JlYXRlIjoxMjAwMDAwMDAwMDAwLCJkZWxldGUiOjEyMDAwMDAwMDAwMDAsInJlYWQiOjYwMDAwMDAwMDAwMCwidXBkYXRlIjoxMjAwMDAwMDAwMDAwfX0="
        },
        {
          "index_key": "secretmanager.googleapis.com",
          "schema_version": 0,
          "attributes": {
            "disable_dependent_services": true,
            "disable_on_destroy": false,
            "id": "ai-agent-workshop-469817/secretmanager.googleapis.com",
            "project": "ai-agent-workshop-469817",
            "service": "secretmanager.googleapis.com",
            "timeouts": null
          },
          "sensitive_attributes": [],
          "private": "eyJlMmJmYjczMC1lY2FhLTExZTYtOGY4OC0zNDM2M2JjN2M0YzAiOnsiY3JlYXRlIjoxMjAwMDAwMDAwMDAwLCJkZWxldGUiOjEyMDAwMDAwMDAwMDAsInJlYWQiOjYwMDAwMDAwMDAwMCwidXBkYXRlIjoxMjAwMDAwMDAwMDAwfX0="
        },
        {
          "index_key": "storage.googleapis.com",
          "schema_version": 0,
          "attributes": {
            "disable_dependent_services": true,
            "disable_on_destroy": false,
            "id": "ai-agent-workshop-469817/storage.googleapis.com",
            "project": "ai-agent-workshop-469817",
            "service": "storage.googleapis.com",
            "timeouts": null
          },
          "sensitive_attributes": [],
          "private": "eyJlMmJmYjczMC1lY2FhLTExZTYtOGY4OC0zNDM2M2JjN2M0YzAiOnsiY3JlYXRlIjoxMjAwMDAwMDAwMDAwLCJkZWxldGUiOjEyMDAwMDAwMDAwMDAsInJlYWQiOjYwMDAwMDAwMDAwMCwidXBkYXRlIjoxMjAwMDAwMDAwMDAwfX0="
        }
      ]
    },
    {
      "module": "module.project-services",
      "mode": "managed",
      "type": "google_project_service_identity",
      "name": "project_service_identities",
      "provider": "provider[\"registry.terraform.io/hashicorp/google-beta\"]",
      "instances": []
    },
    {
      "module": "module.project-services-billing-project",
      "mode": "managed",
      "type": "google_project_service",
      "name": "project_services",
      "provider": "provider[\"registry.terraform.io/hashicorp/google\"]",
      "instances": [
        {
          "index_key": "apphub.googleapis.com",
          "schema_version": 0,
          "attributes": {
            "disable_dependent_services": true,
            "disable_on_destroy": false,
            "id": "ai-agent-workshop-469817/apphub.googleapis.com",
            "project": "ai-agent-workshop-469817",
            "service": "apphub.googleapis.com",
            "timeouts": null
          },
          "sensitive_attributes": [],
          "private": "eyJlMmJmYjczMC1lY2FhLTExZTYtOGY4OC0zNDM2M2JjN2M0YzAiOnsiY3JlYXRlIjoxMjAwMDAwMDAwMDAwLCJkZWxldGUiOjEyMDAwMDAwMDAwMDAsInJlYWQiOjYwMDAwMDAwMDAwMCwidXBkYXRlIjoxMjAwMDAwMDAwMDAwfX0="
        },
        {
          "index_key": "cloudresourcemanager.googleapis.com",
          "schema_version": 0,
          "attributes": {
            "disable_dependent_services": true,
            "disable_on_destroy": false,
            "id": "ai-agent-workshop-469817/cloudresourcemanager.googleapis.com",
            "project": "ai-agent-workshop-469817",
            "service": "cloudresourcemanager.googleapis.com",
            "timeouts": null
          },
          "sensitive_attributes": [],
          "private": "eyJlMmJmYjczMC1lY2FhLTExZTYtOGY4OC0zNDM2M2JjN2M0YzAiOnsiY3JlYXRlIjoxMjAwMDAwMDAwMDAwLCJkZWxldGUiOjEyMDAwMDAwMDAwMDAsInJlYWQiOjYwMDAwMDAwMDAwMCwidXBkYXRlIjoxMjAwMDAwMDAwMDAwfX0="
        }
      ]
    },
    {
      "module": "module.project-services-billing-project",
      "mode": "managed",
      "type": "google_project_service_identity",
      "name": "project_service_identities",
      "provider": "provider[\"registry.terraform.io/hashicorp/google-beta\"]",
      "instances": []
    }
  ],
  "check_results": null
}
